
Microsoft Visual Studio Solution File, Format Version 12.00
# Visual Studio Version 16
VisualStudioVersion = 16.0.31702.278
MinimumVisualStudioVersion = 10.0.40219.1
Project("{FAE04EC0-301F-11D3-BF4B-00C04F79EFBC}") = "WebAPINorthwind_1", "WebAPINorthwind_1\WebAPINorthwind_1.csproj", "{CF056C7E-EC60-4627-90A3-784AEC7CD0CA}"
EndProject
Global
	GlobalSection(SolutionConfigurationPlatforms) = preSolution
		Debug|Any CPU = Debug|Any CPU
		Release|Any CPU = Release|Any CPU
	EndGlobalSection
	GlobalSection(ProjectConfigurationPlatforms) = postSolution
		{CF056C7E-EC60-4627-90A3-784AEC7CD0CA}.Debug|Any CPU.ActiveCfg = Debug|Any CPU
		{CF056C7E-EC60-4627-90A3-784AEC7CD0CA}.Debug|Any CPU.Build.0 = Debug|Any CPU
		{CF056C7E-EC60-4627-90A3-784AEC7CD0CA}.Release|Any CPU.ActiveCfg = Release|Any CPU
		{CF056C7E-EC60-4627-90A3-784AEC7CD0CA}.Release|Any CPU.Build.0 = Release|Any CPU
	EndGlobalSection
	GlobalSection(SolutionProperties) = preSolution
		HideSolutionNode = FALSE
	EndGlobalSection
	GlobalSection(ExtensibilityGlobals) = postSolution
		SolutionGuid = {48CCFAC5-271C-48C4-A385-3C5A24C5A6FE}
	EndGlobalSection
EndGlobal
